
Microsoft Visual Studio Solution File, Format Version 11.00
# Visual Studio 2010
Project("{8BC9CEB8-8B4A-11D0-8D11-00A0C91BC942}") = "dependency", "dependency\dependency.vcxproj", "{9151A67B-5B47-45BF-8B82-D1424BB2903A}"
EndProject
Global
	GlobalSection(SolutionConfigurationPlatforms) = preSolution
		Debug|Win32 = Debug|Win32
		Release|Win32 = Release|Win32
	EndGlobalSection
	GlobalSection(ProjectConfigurationPlatforms) = postSolution
		{9151A67B-5B47-45BF-8B82-D1424BB2903A}.Debug|Win32.ActiveCfg = Debug|Win32
		{9151A67B-5B47-45BF-8B82-D1424BB2903A}.Debug|Win32.Build.0 = Debug|Win32
		{9151A67B-5B47-45BF-8B82-D1424BB2903A}.Release|Win32.ActiveCfg = Release|Win32
		{9151A67B-5B47-45BF-8B82-D1424BB2903A}.Release|Win32.Build.0 = Release|Win32
	EndGlobalSection
	GlobalSection(SolutionProperties) = preSolution
		HideSolutionNode = FALSE
	EndGlobalSection
EndGlobal
